
Microsoft Visual Studio Solution File, Format Version 12.00
# Visual Studio 15
VisualStudioVersion = 15.0.28307.960
MinimumVisualStudioVersion = 10.0.40219.1
Project("{FAE04EC0-301F-11D3-BF4B-00C04F79EFBC}") = "segunda", "segunda\segunda.csproj", "{47AF1C8A-4F3E-471F-9AED-B57AC98A460C}"
EndProject
Global
	GlobalSection(SolutionConfigurationPlatforms) = preSolution
		Debug|Any CPU = Debug|Any CPU
		Release|Any CPU = Release|Any CPU
	EndGlobalSection
	GlobalSection(ProjectConfigurationPlatforms) = postSolution
		{47AF1C8A-4F3E-471F-9AED-B57AC98A460C}.Debug|Any CPU.ActiveCfg = Debug|Any CPU
		{47AF1C8A-4F3E-471F-9AED-B57AC98A460C}.Debug|Any CPU.Build.0 = Debug|Any CPU
		{47AF1C8A-4F3E-471F-9AED-B57AC98A460C}.Release|Any CPU.ActiveCfg = Release|Any CPU
		{47AF1C8A-4F3E-471F-9AED-B57AC98A460C}.Release|Any CPU.Build.0 = Release|Any CPU
	EndGlobalSection
	GlobalSection(SolutionProperties) = preSolution
		HideSolutionNode = FALSE
	EndGlobalSection
	GlobalSection(ExtensibilityGlobals) = postSolution
		SolutionGuid = {25072340-793D-444C-8904-12D4CF713DE6}
	EndGlobalSection
EndGlobal
